
Microsoft Visual Studio Solution File, Format Version 12.00
# Visual Studio 2013
VisualStudioVersion = 12.0.30501.0
MinimumVisualStudioVersion = 10.0.40219.1
Project("{2150E333-8FDC-42A3-9474-1A3956D46DE8}") = "Solution Items", "Solution Items", "{F6F623BC-F7A4-43F7-B658-1DFD6B774EF2}"
	ProjectSection(SolutionItems) = preProject
		README.md = README.md
	EndProjectSection
EndProject
Project("{FAE04EC0-301F-11D3-BF4B-00C04F79EFBC}") = "XamarinForms.Demo.Pages.PCL", "XamarinForms.Demo.Pages.PCL\XamarinForms.Demo.Pages.PCL\XamarinForms.Demo.Pages.PCL.csproj", "{A44E190C-CA14-4F71-9D3F-2C1AFB9BF661}"
EndProject
Project("{FAE04EC0-301F-11D3-BF4B-00C04F79EFBC}") = "XamarinForms.Demo.Pages.PCL.iOS", "XamarinForms.Demo.Pages.PCL\XamarinForms.Demo.Pages.PCL.iOS\XamarinForms.Demo.Pages.PCL.iOS.csproj", "{76F88948-6085-4DE5-8680-9F95DA04E57D}"
EndProject
Project("{FAE04EC0-301F-11D3-BF4B-00C04F79EFBC}") = "XamarinForms.Demo.Pages.PCL.Android", "XamarinForms.Demo.Pages.PCL\XamarinForms.Demo.Pages.PCL.Android\XamarinForms.Demo.Pages.PCL.Android.csproj", "{E959D3BD-5287-42C4-9EB4-85A6D4F28607}"
EndProject
Project("{FAE04EC0-301F-11D3-BF4B-00C04F79EFBC}") = "XamarinForms.Demo.Pages.PCL.WinPhone", "XamarinForms.Demo.Pages.PCL\XamarinForms.Demo.Pages.PCL.WinPhone\XamarinForms.Demo.Pages.PCL.WinPhone.csproj", "{B7C4E00C-AB41-4499-86B5-5E28B2656EB2}"
EndProject
Project("{FAE04EC0-301F-11D3-BF4B-00C04F79EFBC}") = "XamarinForms.Demo.Controls", "XamarinForms.Demo.Controls\XamarinForms.Demo.Controls\XamarinForms.Demo.Controls.csproj", "{70483F1A-516D-47BB-8177-B4C4BED3F076}"
EndProject
Project("{FAE04EC0-301F-11D3-BF4B-00C04F79EFBC}") = "XamarinForms.Demo.Controls.iOS", "XamarinForms.Demo.Controls\XamarinForms.Demo.Controls.iOS\XamarinForms.Demo.Controls.iOS.csproj", "{A36E7CC8-0C28-480B-8499-110A7A9457D2}"
EndProject
Project("{FAE04EC0-301F-11D3-BF4B-00C04F79EFBC}") = "XamarinForms.Demo.Controls.Android", "XamarinForms.Demo.Controls\XamarinForms.Demo.Controls.Android\XamarinForms.Demo.Controls.Android.csproj", "{D994CB55-2FA2-4A0C-91F3-31B202EB6946}"
EndProject
Project("{FAE04EC0-301F-11D3-BF4B-00C04F79EFBC}") = "XamarinForms.Demo.Controls.WinPhone", "XamarinForms.Demo.Controls\XamarinForms.Demo.Controls.WinPhone\XamarinForms.Demo.Controls.WinPhone.csproj", "{FEA9FDC8-43D5-46BE-A438-9793A0A3A9E9}"
EndProject
Project("{FAE04EC0-301F-11D3-BF4B-00C04F79EFBC}") = "XamarinForms.Demo.Layouts", "XamarinForms.Demo.Layouts\XamarinForms.Demo.Layouts\XamarinForms.Demo.Layouts.csproj", "{1075A9B7-1EE1-416E-B427-D88D13DA4754}"
EndProject
Project("{FAE04EC0-301F-11D3-BF4B-00C04F79EFBC}") = "XamarinForms.Demo.Layouts.iOS", "XamarinForms.Demo.Layouts\XamarinForms.Demo.Layouts.iOS\XamarinForms.Demo.Layouts.iOS.csproj", "{467E517A-9819-4F46-8DDA-D15C2A7F819D}"
EndProject
Project("{FAE04EC0-301F-11D3-BF4B-00C04F79EFBC}") = "XamarinForms.Demo.Layouts.Android", "XamarinForms.Demo.Layouts\XamarinForms.Demo.Layouts.Android\XamarinForms.Demo.Layouts.Android.csproj", "{76DF59C6-E61C-4A61-9A76-B9326B76CC9D}"
EndProject
Project("{FAE04EC0-301F-11D3-BF4B-00C04F79EFBC}") = "XamarinForms.Demo.Layouts.WinPhone", "XamarinForms.Demo.Layouts\XamarinForms.Demo.Layouts.WinPhone\XamarinForms.Demo.Layouts.WinPhone.csproj", "{6C4A4003-082D-4D1F-8B23-D4A9EE214760}"
EndProject
Global
	GlobalSection(SolutionConfigurationPlatforms) = preSolution
		Ad-Hoc|Any CPU = Ad-Hoc|Any CPU
		Ad-Hoc|ARM = Ad-Hoc|ARM
		Ad-Hoc|iPhone = Ad-Hoc|iPhone
		Ad-Hoc|iPhoneSimulator = Ad-Hoc|iPhoneSimulator
		Ad-Hoc|Mixed Platforms = Ad-Hoc|Mixed Platforms
		Ad-Hoc|x86 = Ad-Hoc|x86
		AppStore|Any CPU = AppStore|Any CPU
		AppStore|ARM = AppStore|ARM
		AppStore|iPhone = AppStore|iPhone
		AppStore|iPhoneSimulator = AppStore|iPhoneSimulator
		AppStore|Mixed Platforms = AppStore|Mixed Platforms
		AppStore|x86 = AppStore|x86
		Debug|Any CPU = Debug|Any CPU
		Debug|ARM = Debug|ARM
		Debug|iPhone = Debug|iPhone
		Debug|iPhoneSimulator = Debug|iPhoneSimulator
		Debug|Mixed Platforms = Debug|Mixed Platforms
		Debug|x86 = Debug|x86
		Release|Any CPU = Release|Any CPU
		Release|ARM = Release|ARM
		Release|iPhone = Release|iPhone
		Release|iPhoneSimulator = Release|iPhoneSimulator
		Release|Mixed Platforms = Release|Mixed Platforms
		Release|x86 = Release|x86
	EndGlobalSection
	GlobalSection(ProjectConfigurationPlatforms) = postSolution
		{A44E190C-CA14-4F71-9D3F-2C1AFB9BF661}.Ad-Hoc|Any CPU.ActiveCfg = Release|Any CPU
		{A44E190C-CA14-4F71-9D3F-2C1AFB9BF661}.Ad-Hoc|Any CPU.Build.0 = Release|Any CPU
		{A44E190C-CA14-4F71-9D3F-2C1AFB9BF661}.Ad-Hoc|ARM.ActiveCfg = Release|Any CPU
		{A44E190C-CA14-4F71-9D3F-2C1AFB9BF661}.Ad-Hoc|iPhone.ActiveCfg = Release|Any CPU
		{A44E190C-CA14-4F71-9D3F-2C1AFB9BF661}.Ad-Hoc|iPhoneSimulator.ActiveCfg = Release|Any CPU
		{A44E190C-CA14-4F71-9D3F-2C1AFB9BF661}.Ad-Hoc|Mixed Platforms.ActiveCfg = Release|Any CPU
		{A44E190C-CA14-4F71-9D3F-2C1AFB9BF661}.Ad-Hoc|Mixed Platforms.Build.0 = Release|Any CPU
		{A44E190C-CA14-4F71-9D3F-2C1AFB9BF661}.Ad-Hoc|x86.ActiveCfg = Release|Any CPU
		{A44E190C-CA14-4F71-9D3F-2C1AFB9BF661}.AppStore|Any CPU.ActiveCfg = Release|Any CPU
		{A44E190C-CA14-4F71-9D3F-2C1AFB9BF661}.AppStore|Any CPU.Build.0 = Release|Any CPU
		{A44E190C-CA14-4F71-9D3F-2C1AFB9BF661}.AppStore|ARM.ActiveCfg = Release|Any CPU
		{A44E190C-CA14-4F71-9D3F-2C1AFB9BF661}.AppStore|iPhone.ActiveCfg = Release|Any CPU
		{A44E190C-CA14-4F71-9D3F-2C1AFB9BF661}.AppStore|iPhoneSimulator.ActiveCfg = Release|Any CPU
		{A44E190C-CA14-4F71-9D3F-2C1AFB9BF661}.AppStore|Mixed Platforms.ActiveCfg = Release|Any CPU
		{A44E190C-CA14-4F71-9D3F-2C1AFB9BF661}.AppStore|Mixed Platforms.Build.0 = Release|Any CPU
		{A44E190C-CA14-4F71-9D3F-2C1AFB9BF661}.AppStore|x86.ActiveCfg = Release|Any CPU
		{A44E190C-CA14-4F71-9D3F-2C1AFB9BF661}.Debug|Any CPU.ActiveCfg = Debug|Any CPU
		{A44E190C-CA14-4F71-9D3F-2C1AFB9BF661}.Debug|Any CPU.Build.0 = Debug|Any CPU
		{A44E190C-CA14-4F71-9D3F-2C1AFB9BF661}.Debug|ARM.ActiveCfg = Debug|Any CPU
		{A44E190C-CA14-4F71-9D3F-2C1AFB9BF661}.Debug|iPhone.ActiveCfg = Debug|Any CPU
		{A44E190C-CA14-4F71-9D3F-2C1AFB9BF661}.Debug|iPhoneSimulator.ActiveCfg = Debug|Any CPU
		{A44E190C-CA14-4F71-9D3F-2C1AFB9BF661}.Debug|Mixed Platforms.ActiveCfg = Debug|Any CPU
		{A44E190C-CA14-4F71-9D3F-2C1AFB9BF661}.Debug|Mixed Platforms.Build.0 = Debug|Any CPU
		{A44E190C-CA14-4F71-9D3F-2C1AFB9BF661}.Debug|x86.ActiveCfg = Debug|Any CPU
		{A44E190C-CA14-4F71-9D3F-2C1AFB9BF661}.Release|Any CPU.ActiveCfg = Release|Any CPU
		{A44E190C-CA14-4F71-9D3F-2C1AFB9BF661}.Release|Any CPU.Build.0 = Release|Any CPU
		{A44E190C-CA14-4F71-9D3F-2C1AFB9BF661}.Release|ARM.ActiveCfg = Release|Any CPU
		{A44E190C-CA14-4F71-9D3F-2C1AFB9BF661}.Release|iPhone.ActiveCfg = Release|Any CPU
		{A44E190C-CA14-4F71-9D3F-2C1AFB9BF661}.Release|iPhoneSimulator.ActiveCfg = Release|Any CPU
		{A44E190C-CA14-4F71-9D3F-2C1AFB9BF661}.Release|Mixed Platforms.ActiveCfg = Release|Any CPU
		{A44E190C-CA14-4F71-9D3F-2C1AFB9BF661}.Release|Mixed Platforms.Build.0 = Release|Any CPU
		{A44E190C-CA14-4F71-9D3F-2C1AFB9BF661}.Release|x86.ActiveCfg = Release|Any CPU
		{76F88948-6085-4DE5-8680-9F95DA04E57D}.Ad-Hoc|Any CPU.ActiveCfg = Ad-Hoc|iPhone
		{76F88948-6085-4DE5-8680-9F95DA04E57D}.Ad-Hoc|ARM.ActiveCfg = Ad-Hoc|iPhone
		{76F88948-6085-4DE5-8680-9F95DA04E57D}.Ad-Hoc|iPhone.ActiveCfg = Ad-Hoc|iPhone
		{76F88948-6085-4DE5-8680-9F95DA04E57D}.Ad-Hoc|iPhone.Build.0 = Ad-Hoc|iPhone
		{76F88948-6085-4DE5-8680-9F95DA04E57D}.Ad-Hoc|iPhoneSimulator.ActiveCfg = Ad-Hoc|iPhoneSimulator
		{76F88948-6085-4DE5-8680-9F95DA04E57D}.Ad-Hoc|iPhoneSimulator.Build.0 = Ad-Hoc|iPhoneSimulator
		{76F88948-6085-4DE5-8680-9F95DA04E57D}.Ad-Hoc|Mixed Platforms.ActiveCfg = Ad-Hoc|iPhone
		{76F88948-6085-4DE5-8680-9F95DA04E57D}.Ad-Hoc|Mixed Platforms.Build.0 = Ad-Hoc|iPhone
		{76F88948-6085-4DE5-8680-9F95DA04E57D}.Ad-Hoc|x86.ActiveCfg = Ad-Hoc|iPhone
		{76F88948-6085-4DE5-8680-9F95DA04E57D}.AppStore|Any CPU.ActiveCfg = AppStore|iPhone
		{76F88948-6085-4DE5-8680-9F95DA04E57D}.AppStore|ARM.ActiveCfg = AppStore|iPhone
		{76F88948-6085-4DE5-8680-9F95DA04E57D}.AppStore|iPhone.ActiveCfg = AppStore|iPhone
		{76F88948-6085-4DE5-8680-9F95DA04E57D}.AppStore|iPhone.Build.0 = AppStore|iPhone
		{76F88948-6085-4DE5-8680-9F95DA04E57D}.AppStore|iPhoneSimulator.ActiveCfg = AppStore|iPhoneSimulator
		{76F88948-6085-4DE5-8680-9F95DA04E57D}.AppStore|iPhoneSimulator.Build.0 = AppStore|iPhoneSimulator
		{76F88948-6085-4DE5-8680-9F95DA04E57D}.AppStore|Mixed Platforms.ActiveCfg = AppStore|iPhone
		{76F88948-6085-4DE5-8680-9F95DA04E57D}.AppStore|Mixed Platforms.Build.0 = AppStore|iPhone
		{76F88948-6085-4DE5-8680-9F95DA04E57D}.AppStore|x86.ActiveCfg = AppStore|iPhone
		{76F88948-6085-4DE5-8680-9F95DA04E57D}.Debug|Any CPU.ActiveCfg = Debug|iPhone
		{76F88948-6085-4DE5-8680-9F95DA04E57D}.Debug|ARM.ActiveCfg = Debug|iPhone
		{76F88948-6085-4DE5-8680-9F95DA04E57D}.Debug|iPhone.ActiveCfg = Debug|iPhone
		{76F88948-6085-4DE5-8680-9F95DA04E57D}.Debug|iPhone.Build.0 = Debug|iPhone
		{76F88948-6085-4DE5-8680-9F95DA04E57D}.Debug|iPhoneSimulator.ActiveCfg = Debug|iPhoneSimulator
		{76F88948-6085-4DE5-8680-9F95DA04E57D}.Debug|iPhoneSimulator.Build.0 = Debug|iPhoneSimulator
		{76F88948-6085-4DE5-8680-9F95DA04E57D}.Debug|Mixed Platforms.ActiveCfg = Debug|iPhone
		{76F88948-6085-4DE5-8680-9F95DA04E57D}.Debug|Mixed Platforms.Build.0 = Debug|iPhone
		{76F88948-6085-4DE5-8680-9F95DA04E57D}.Debug|x86.ActiveCfg = Debug|iPhone
		{76F88948-6085-4DE5-8680-9F95DA04E57D}.Release|Any CPU.ActiveCfg = Release|iPhone
		{76F88948-6085-4DE5-8680-9F95DA04E57D}.Release|ARM.ActiveCfg = Release|iPhone
		{76F88948-6085-4DE5-8680-9F95DA04E57D}.Release|iPhone.ActiveCfg = Release|iPhone
		{76F88948-6085-4DE5-8680-9F95DA04E57D}.Release|iPhone.Build.0 = Release|iPhone
		{76F88948-6085-4DE5-8680-9F95DA04E57D}.Release|iPhoneSimulator.ActiveCfg = Release|iPhoneSimulator
		{76F88948-6085-4DE5-8680-9F95DA04E57D}.Release|iPhoneSimulator.Build.0 = Release|iPhoneSimulator
		{76F88948-6085-4DE5-8680-9F95DA04E57D}.Release|Mixed Platforms.ActiveCfg = Release|iPhone
		{76F88948-6085-4DE5-8680-9F95DA04E57D}.Release|Mixed Platforms.Build.0 = Release|iPhone
		{76F88948-6085-4DE5-8680-9F95DA04E57D}.Release|x86.ActiveCfg = Release|iPhone
		{E959D3BD-5287-42C4-9EB4-85A6D4F28607}.Ad-Hoc|Any CPU.ActiveCfg = Release|Any CPU
		{E959D3BD-5287-42C4-9EB4-85A6D4F28607}.Ad-Hoc|Any CPU.Build.0 = Release|Any CPU
		{E959D3BD-5287-42C4-9EB4-85A6D4F28607}.Ad-Hoc|Any CPU.Deploy.0 = Release|Any CPU
		{E959D3BD-5287-42C4-9EB4-85A6D4F28607}.Ad-Hoc|ARM.ActiveCfg = Release|Any CPU
		{E959D3BD-5287-42C4-9EB4-85A6D4F28607}.Ad-Hoc|iPhone.ActiveCfg = Release|Any CPU
		{E959D3BD-5287-42C4-9EB4-85A6D4F28607}.Ad-Hoc|iPhoneSimulator.ActiveCfg = Release|Any CPU
		{E959D3BD-5287-42C4-9EB4-85A6D4F28607}.Ad-Hoc|Mixed Platforms.ActiveCfg = Release|Any CPU
		{E959D3BD-5287-42C4-9EB4-85A6D4F28607}.Ad-Hoc|Mixed Platforms.Build.0 = Release|Any CPU
		{E959D3BD-5287-42C4-9EB4-85A6D4F28607}.Ad-Hoc|Mixed Platforms.Deploy.0 = Release|Any CPU
		{E959D3BD-5287-42C4-9EB4-85A6D4F28607}.Ad-Hoc|x86.ActiveCfg = Release|Any CPU
		{E959D3BD-5287-42C4-9EB4-85A6D4F28607}.AppStore|Any CPU.ActiveCfg = Release|Any CPU
		{E959D3BD-5287-42C4-9EB4-85A6D4F28607}.AppStore|Any CPU.Build.0 = Release|Any CPU
		{E959D3BD-5287-42C4-9EB4-85A6D4F28607}.AppStore|Any CPU.Deploy.0 = Release|Any CPU
		{E959D3BD-5287-42C4-9EB4-85A6D4F28607}.AppStore|ARM.ActiveCfg = Release|Any CPU
		{E959D3BD-5287-42C4-9EB4-85A6D4F28607}.AppStore|iPhone.ActiveCfg = Release|Any CPU
		{E959D3BD-5287-42C4-9EB4-85A6D4F28607}.AppStore|iPhoneSimulator.ActiveCfg = Release|Any CPU
		{E959D3BD-5287-42C4-9EB4-85A6D4F28607}.AppStore|Mixed Platforms.ActiveCfg = Release|Any CPU
		{E959D3BD-5287-42C4-9EB4-85A6D4F28607}.AppStore|Mixed Platforms.Build.0 = Release|Any CPU
		{E959D3BD-5287-42C4-9EB4-85A6D4F28607}.AppStore|Mixed Platforms.Deploy.0 = Release|Any CPU
		{E959D3BD-5287-42C4-9EB4-85A6D4F28607}.AppStore|x86.ActiveCfg = Release|Any CPU
		{E959D3BD-5287-42C4-9EB4-85A6D4F28607}.Debug|Any CPU.ActiveCfg = Debug|Any CPU
		{E959D3BD-5287-42C4-9EB4-85A6D4F28607}.Debug|Any CPU.Build.0 = Debug|Any CPU
		{E959D3BD-5287-42C4-9EB4-85A6D4F28607}.Debug|Any CPU.Deploy.0 = Debug|Any CPU
		{E959D3BD-5287-42C4-9EB4-85A6D4F28607}.Debug|ARM.ActiveCfg = Debug|Any CPU
		{E959D3BD-5287-42C4-9EB4-85A6D4F28607}.Debug|iPhone.ActiveCfg = Debug|Any CPU
		{E959D3BD-5287-42C4-9EB4-85A6D4F28607}.Debug|iPhoneSimulator.ActiveCfg = Debug|Any CPU
		{E959D3BD-5287-42C4-9EB4-85A6D4F28607}.Debug|Mixed Platforms.ActiveCfg = Debug|Any CPU
		{E959D3BD-5287-42C4-9EB4-85A6D4F28607}.Debug|Mixed Platforms.Build.0 = Debug|Any CPU
		{E959D3BD-5287-42C4-9EB4-85A6D4F28607}.Debug|Mixed Platforms.Deploy.0 = Debug|Any CPU
		{E959D3BD-5287-42C4-9EB4-85A6D4F28607}.Debug|x86.ActiveCfg = Debug|Any CPU
		{E959D3BD-5287-42C4-9EB4-85A6D4F28607}.Release|Any CPU.ActiveCfg = Release|Any CPU
		{E959D3BD-5287-42C4-9EB4-85A6D4F28607}.Release|Any CPU.Build.0 = Release|Any CPU
		{E959D3BD-5287-42C4-9EB4-85A6D4F28607}.Release|Any CPU.Deploy.0 = Release|Any CPU
		{E959D3BD-5287-42C4-9EB4-85A6D4F28607}.Release|ARM.ActiveCfg = Release|Any CPU
		{E959D3BD-5287-42C4-9EB4-85A6D4F28607}.Release|iPhone.ActiveCfg = Release|Any CPU
		{E959D3BD-5287-42C4-9EB4-85A6D4F28607}.Release|iPhoneSimulator.ActiveCfg = Release|Any CPU
		{E959D3BD-5287-42C4-9EB4-85A6D4F28607}.Release|Mixed Platforms.ActiveCfg = Release|Any CPU
		{E959D3BD-5287-42C4-9EB4-85A6D4F28607}.Release|Mixed Platforms.Build.0 = Release|Any CPU
		{E959D3BD-5287-42C4-9EB4-85A6D4F28607}.Release|Mixed Platforms.Deploy.0 = Release|Any CPU
		{E959D3BD-5287-42C4-9EB4-85A6D4F28607}.Release|x86.ActiveCfg = Release|Any CPU
		{B7C4E00C-AB41-4499-86B5-5E28B2656EB2}.Ad-Hoc|Any CPU.ActiveCfg = Release|Any CPU
		{B7C4E00C-AB41-4499-86B5-5E28B2656EB2}.Ad-Hoc|Any CPU.Build.0 = Release|Any CPU
		{B7C4E00C-AB41-4499-86B5-5E28B2656EB2}.Ad-Hoc|Any CPU.Deploy.0 = Release|Any CPU
		{B7C4E00C-AB41-4499-86B5-5E28B2656EB2}.Ad-Hoc|ARM.ActiveCfg = Release|ARM
		{B7C4E00C-AB41-4499-86B5-5E28B2656EB2}.Ad-Hoc|ARM.Build.0 = Release|ARM
		{B7C4E00C-AB41-4499-86B5-5E28B2656EB2}.Ad-Hoc|ARM.Deploy.0 = Release|ARM
		{B7C4E00C-AB41-4499-86B5-5E28B2656EB2}.Ad-Hoc|iPhone.ActiveCfg = Release|Any CPU
		{B7C4E00C-AB41-4499-86B5-5E28B2656EB2}.Ad-Hoc|iPhoneSimulator.ActiveCfg = Release|Any CPU
		{B7C4E00C-AB41-4499-86B5-5E28B2656EB2}.Ad-Hoc|Mixed Platforms.ActiveCfg = Release|x86
		{B7C4E00C-AB41-4499-86B5-5E28B2656EB2}.Ad-Hoc|Mixed Platforms.Build.0 = Release|x86
		{B7C4E00C-AB41-4499-86B5-5E28B2656EB2}.Ad-Hoc|Mixed Platforms.Deploy.0 = Release|x86
		{B7C4E00C-AB41-4499-86B5-5E28B2656EB2}.Ad-Hoc|x86.ActiveCfg = Release|x86
		{B7C4E00C-AB41-4499-86B5-5E28B2656EB2}.Ad-Hoc|x86.Build.0 = Release|x86
		{B7C4E00C-AB41-4499-86B5-5E28B2656EB2}.Ad-Hoc|x86.Deploy.0 = Release|x86
		{B7C4E00C-AB41-4499-86B5-5E28B2656EB2}.AppStore|Any CPU.ActiveCfg = Release|Any CPU
		{B7C4E00C-AB41-4499-86B5-5E28B2656EB2}.AppStore|Any CPU.Build.0 = Release|Any CPU
		{B7C4E00C-AB41-4499-86B5-5E28B2656EB2}.AppStore|Any CPU.Deploy.0 = Release|Any CPU
		{B7C4E00C-AB41-4499-86B5-5E28B2656EB2}.AppStore|ARM.ActiveCfg = Release|ARM
		{B7C4E00C-AB41-4499-86B5-5E28B2656EB2}.AppStore|ARM.Build.0 = Release|ARM
		{B7C4E00C-AB41-4499-86B5-5E28B2656EB2}.AppStore|ARM.Deploy.0 = Release|ARM
		{B7C4E00C-AB41-4499-86B5-5E28B2656EB2}.AppStore|iPhone.ActiveCfg = Release|Any CPU
		{B7C4E00C-AB41-4499-86B5-5E28B2656EB2}.AppStore|iPhoneSimulator.ActiveCfg = Release|Any CPU
		{B7C4E00C-AB41-4499-86B5-5E28B2656EB2}.AppStore|Mixed Platforms.ActiveCfg = Release|x86
		{B7C4E00C-AB41-4499-86B5-5E28B2656EB2}.AppStore|Mixed Platforms.Build.0 = Release|x86
		{B7C4E00C-AB41-4499-86B5-5E28B2656EB2}.AppStore|Mixed Platforms.Deploy.0 = Release|x86
		{B7C4E00C-AB41-4499-86B5-5E28B2656EB2}.AppStore|x86.ActiveCfg = Release|x86
		{B7C4E00C-AB41-4499-86B5-5E28B2656EB2}.AppStore|x86.Build.0 = Release|x86
		{B7C4E00C-AB41-4499-86B5-5E28B2656EB2}.AppStore|x86.Deploy.0 = Release|x86
		{B7C4E00C-AB41-4499-86B5-5E28B2656EB2}.Debug|Any CPU.ActiveCfg = Debug|Any CPU
		{B7C4E00C-AB41-4499-86B5-5E28B2656EB2}.Debug|Any CPU.Build.0 = Debug|Any CPU
		{B7C4E00C-AB41-4499-86B5-5E28B2656EB2}.Debug|Any CPU.Deploy.0 = Debug|Any CPU
		{B7C4E00C-AB41-4499-86B5-5E28B2656EB2}.Debug|ARM.ActiveCfg = Debug|ARM
		{B7C4E00C-AB41-4499-86B5-5E28B2656EB2}.Debug|ARM.Build.0 = Debug|ARM
		{B7C4E00C-AB41-4499-86B5-5E28B2656EB2}.Debug|ARM.Deploy.0 = Debug|ARM
		{B7C4E00C-AB41-4499-86B5-5E28B2656EB2}.Debug|iPhone.ActiveCfg = Debug|Any CPU
		{B7C4E00C-AB41-4499-86B5-5E28B2656EB2}.Debug|iPhoneSimulator.ActiveCfg = Debug|Any CPU
		{B7C4E00C-AB41-4499-86B5-5E28B2656EB2}.Debug|Mixed Platforms.ActiveCfg = Debug|x86
		{B7C4E00C-AB41-4499-86B5-5E28B2656EB2}.Debug|Mixed Platforms.Build.0 = Debug|x86
		{B7C4E00C-AB41-4499-86B5-5E28B2656EB2}.Debug|Mixed Platforms.Deploy.0 = Debug|x86
		{B7C4E00C-AB41-4499-86B5-5E28B2656EB2}.Debug|x86.ActiveCfg = Debug|x86
		{B7C4E00C-AB41-4499-86B5-5E28B2656EB2}.Debug|x86.Build.0 = Debug|x86
		{B7C4E00C-AB41-4499-86B5-5E28B2656EB2}.Debug|x86.Deploy.0 = Debug|x86
		{B7C4E00C-AB41-4499-86B5-5E28B2656EB2}.Release|Any CPU.ActiveCfg = Release|Any CPU
		{B7C4E00C-AB41-4499-86B5-5E28B2656EB2}.Release|Any CPU.Build.0 = Release|Any CPU
		{B7C4E00C-AB41-4499-86B5-5E28B2656EB2}.Release|Any CPU.Deploy.0 = Release|Any CPU
		{B7C4E00C-AB41-4499-86B5-5E28B2656EB2}.Release|ARM.ActiveCfg = Release|ARM
		{B7C4E00C-AB41-4499-86B5-5E28B2656EB2}.Release|ARM.Build.0 = Release|ARM
		{B7C4E00C-AB41-4499-86B5-5E28B2656EB2}.Release|ARM.Deploy.0 = Release|ARM
		{B7C4E00C-AB41-4499-86B5-5E28B2656EB2}.Release|iPhone.ActiveCfg = Release|Any CPU
		{B7C4E00C-AB41-4499-86B5-5E28B2656EB2}.Release|iPhoneSimulator.ActiveCfg = Release|Any CPU
		{B7C4E00C-AB41-4499-86B5-5E28B2656EB2}.Release|Mixed Platforms.ActiveCfg = Release|x86
		{B7C4E00C-AB41-4499-86B5-5E28B2656EB2}.Release|Mixed Platforms.Build.0 = Release|x86
		{B7C4E00C-AB41-4499-86B5-5E28B2656EB2}.Release|Mixed Platforms.Deploy.0 = Release|x86
		{B7C4E00C-AB41-4499-86B5-5E28B2656EB2}.Release|x86.ActiveCfg = Release|x86
		{B7C4E00C-AB41-4499-86B5-5E28B2656EB2}.Release|x86.Build.0 = Release|x86
		{B7C4E00C-AB41-4499-86B5-5E28B2656EB2}.Release|x86.Deploy.0 = Release|x86
		{70483F1A-516D-47BB-8177-B4C4BED3F076}.Ad-Hoc|Any CPU.ActiveCfg = Release|Any CPU
		{70483F1A-516D-47BB-8177-B4C4BED3F076}.Ad-Hoc|Any CPU.Build.0 = Release|Any CPU
		{70483F1A-516D-47BB-8177-B4C4BED3F076}.Ad-Hoc|ARM.ActiveCfg = Release|Any CPU
		{70483F1A-516D-47BB-8177-B4C4BED3F076}.Ad-Hoc|iPhone.ActiveCfg = Release|Any CPU
		{70483F1A-516D-47BB-8177-B4C4BED3F076}.Ad-Hoc|iPhoneSimulator.ActiveCfg = Release|Any CPU
		{70483F1A-516D-47BB-8177-B4C4BED3F076}.Ad-Hoc|Mixed Platforms.ActiveCfg = Release|Any CPU
		{70483F1A-516D-47BB-8177-B4C4BED3F076}.Ad-Hoc|Mixed Platforms.Build.0 = Release|Any CPU
		{70483F1A-516D-47BB-8177-B4C4BED3F076}.Ad-Hoc|x86.ActiveCfg = Release|Any CPU
		{70483F1A-516D-47BB-8177-B4C4BED3F076}.AppStore|Any CPU.ActiveCfg = Release|Any CPU
		{70483F1A-516D-47BB-8177-B4C4BED3F076}.AppStore|Any CPU.Build.0 = Release|Any CPU
		{70483F1A-516D-47BB-8177-B4C4BED3F076}.AppStore|ARM.ActiveCfg = Release|Any CPU
		{70483F1A-516D-47BB-8177-B4C4BED3F076}.AppStore|iPhone.ActiveCfg = Release|Any CPU
		{70483F1A-516D-47BB-8177-B4C4BED3F076}.AppStore|iPhoneSimulator.ActiveCfg = Release|Any CPU
		{70483F1A-516D-47BB-8177-B4C4BED3F076}.AppStore|Mixed Platforms.ActiveCfg = Release|Any CPU
		{70483F1A-516D-47BB-8177-B4C4BED3F076}.AppStore|Mixed Platforms.Build.0 = Release|Any CPU
		{70483F1A-516D-47BB-8177-B4C4BED3F076}.AppStore|x86.ActiveCfg = Release|Any CPU
		{70483F1A-516D-47BB-8177-B4C4BED3F076}.Debug|Any CPU.ActiveCfg = Debug|Any CPU
		{70483F1A-516D-47BB-8177-B4C4BED3F076}.Debug|Any CPU.Build.0 = Debug|Any CPU
		{70483F1A-516D-47BB-8177-B4C4BED3F076}.Debug|ARM.ActiveCfg = Debug|Any CPU
		{70483F1A-516D-47BB-8177-B4C4BED3F076}.Debug|iPhone.ActiveCfg = Debug|Any CPU
		{70483F1A-516D-47BB-8177-B4C4BED3F076}.Debug|iPhoneSimulator.ActiveCfg = Debug|Any CPU
		{70483F1A-516D-47BB-8177-B4C4BED3F076}.Debug|Mixed Platforms.ActiveCfg = Debug|Any CPU
		{70483F1A-516D-47BB-8177-B4C4BED3F076}.Debug|Mixed Platforms.Build.0 = Debug|Any CPU
		{70483F1A-516D-47BB-8177-B4C4BED3F076}.Debug|x86.ActiveCfg = Debug|Any CPU
		{70483F1A-516D-47BB-8177-B4C4BED3F076}.Release|Any CPU.ActiveCfg = Release|Any CPU
		{70483F1A-516D-47BB-8177-B4C4BED3F076}.Release|Any CPU.Build.0 = Release|Any CPU
		{70483F1A-516D-47BB-8177-B4C4BED3F076}.Release|ARM.ActiveCfg = Release|Any CPU
		{70483F1A-516D-47BB-8177-B4C4BED3F076}.Release|iPhone.ActiveCfg = Release|Any CPU
		{70483F1A-516D-47BB-8177-B4C4BED3F076}.Release|iPhoneSimulator.ActiveCfg = Release|Any CPU
		{70483F1A-516D-47BB-8177-B4C4BED3F076}.Release|Mixed Platforms.ActiveCfg = Release|Any CPU
		{70483F1A-516D-47BB-8177-B4C4BED3F076}.Release|Mixed Platforms.Build.0 = Release|Any CPU
		{70483F1A-516D-47BB-8177-B4C4BED3F076}.Release|x86.ActiveCfg = Release|Any CPU
		{A36E7CC8-0C28-480B-8499-110A7A9457D2}.Ad-Hoc|Any CPU.ActiveCfg = Ad-Hoc|iPhone
		{A36E7CC8-0C28-480B-8499-110A7A9457D2}.Ad-Hoc|ARM.ActiveCfg = Ad-Hoc|iPhone
		{A36E7CC8-0C28-480B-8499-110A7A9457D2}.Ad-Hoc|iPhone.ActiveCfg = Ad-Hoc|iPhone
		{A36E7CC8-0C28-480B-8499-110A7A9457D2}.Ad-Hoc|iPhone.Build.0 = Ad-Hoc|iPhone
		{A36E7CC8-0C28-480B-8499-110A7A9457D2}.Ad-Hoc|iPhoneSimulator.ActiveCfg = Ad-Hoc|iPhoneSimulator
		{A36E7CC8-0C28-480B-8499-110A7A9457D2}.Ad-Hoc|iPhoneSimulator.Build.0 = Ad-Hoc|iPhoneSimulator
		{A36E7CC8-0C28-480B-8499-110A7A9457D2}.Ad-Hoc|Mixed Platforms.ActiveCfg = Ad-Hoc|iPhone
		{A36E7CC8-0C28-480B-8499-110A7A9457D2}.Ad-Hoc|Mixed Platforms.Build.0 = Ad-Hoc|iPhone
		{A36E7CC8-0C28-480B-8499-110A7A9457D2}.Ad-Hoc|x86.ActiveCfg = Ad-Hoc|iPhone
		{A36E7CC8-0C28-480B-8499-110A7A9457D2}.AppStore|Any CPU.ActiveCfg = AppStore|iPhone
		{A36E7CC8-0C28-480B-8499-110A7A9457D2}.AppStore|ARM.ActiveCfg = AppStore|iPhone
		{A36E7CC8-0C28-480B-8499-110A7A9457D2}.AppStore|iPhone.ActiveCfg = AppStore|iPhone
		{A36E7CC8-0C28-480B-8499-110A7A9457D2}.AppStore|iPhone.Build.0 = AppStore|iPhone
		{A36E7CC8-0C28-480B-8499-110A7A9457D2}.AppStore|iPhoneSimulator.ActiveCfg = AppStore|iPhoneSimulator
		{A36E7CC8-0C28-480B-8499-110A7A9457D2}.AppStore|iPhoneSimulator.Build.0 = AppStore|iPhoneSimulator
		{A36E7CC8-0C28-480B-8499-110A7A9457D2}.AppStore|Mixed Platforms.ActiveCfg = AppStore|iPhone
		{A36E7CC8-0C28-480B-8499-110A7A9457D2}.AppStore|Mixed Platforms.Build.0 = AppStore|iPhone
		{A36E7CC8-0C28-480B-8499-110A7A9457D2}.AppStore|x86.ActiveCfg = AppStore|iPhone
		{A36E7CC8-0C28-480B-8499-110A7A9457D2}.Debug|Any CPU.ActiveCfg = Debug|iPhone
		{A36E7CC8-0C28-480B-8499-110A7A9457D2}.Debug|ARM.ActiveCfg = Debug|iPhone
		{A36E7CC8-0C28-480B-8499-110A7A9457D2}.Debug|iPhone.ActiveCfg = Debug|iPhone
		{A36E7CC8-0C28-480B-8499-110A7A9457D2}.Debug|iPhone.Build.0 = Debug|iPhone
		{A36E7CC8-0C28-480B-8499-110A7A9457D2}.Debug|iPhoneSimulator.ActiveCfg = Debug|iPhoneSimulator
		{A36E7CC8-0C28-480B-8499-110A7A9457D2}.Debug|iPhoneSimulator.Build.0 = Debug|iPhoneSimulator
		{A36E7CC8-0C28-480B-8499-110A7A9457D2}.Debug|Mixed Platforms.ActiveCfg = Debug|iPhone
		{A36E7CC8-0C28-480B-8499-110A7A9457D2}.Debug|Mixed Platforms.Build.0 = Debug|iPhone
		{A36E7CC8-0C28-480B-8499-110A7A9457D2}.Debug|x86.ActiveCfg = Debug|iPhone
		{A36E7CC8-0C28-480B-8499-110A7A9457D2}.Release|Any CPU.ActiveCfg = Release|iPhone
		{A36E7CC8-0C28-480B-8499-110A7A9457D2}.Release|ARM.ActiveCfg = Release|iPhone
		{A36E7CC8-0C28-480B-8499-110A7A9457D2}.Release|iPhone.ActiveCfg = Release|iPhone
		{A36E7CC8-0C28-480B-8499-110A7A9457D2}.Release|iPhone.Build.0 = Release|iPhone
		{A36E7CC8-0C28-480B-8499-110A7A9457D2}.Release|iPhoneSimulator.ActiveCfg = Release|iPhoneSimulator
		{A36E7CC8-0C28-480B-8499-110A7A9457D2}.Release|iPhoneSimulator.Build.0 = Release|iPhoneSimulator
		{A36E7CC8-0C28-480B-8499-110A7A9457D2}.Release|Mixed Platforms.ActiveCfg = Release|iPhone
		{A36E7CC8-0C28-480B-8499-110A7A9457D2}.Release|Mixed Platforms.Build.0 = Release|iPhone
		{A36E7CC8-0C28-480B-8499-110A7A9457D2}.Release|x86.ActiveCfg = Release|iPhone
		{D994CB55-2FA2-4A0C-91F3-31B202EB6946}.Ad-Hoc|Any CPU.ActiveCfg = Release|Any CPU
		{D994CB55-2FA2-4A0C-91F3-31B202EB6946}.Ad-Hoc|Any CPU.Build.0 = Release|Any CPU
		{D994CB55-2FA2-4A0C-91F3-31B202EB6946}.Ad-Hoc|Any CPU.Deploy.0 = Release|Any CPU
		{D994CB55-2FA2-4A0C-91F3-31B202EB6946}.Ad-Hoc|ARM.ActiveCfg = Release|Any CPU
		{D994CB55-2FA2-4A0C-91F3-31B202EB6946}.Ad-Hoc|iPhone.ActiveCfg = Release|Any CPU
		{D994CB55-2FA2-4A0C-91F3-31B202EB6946}.Ad-Hoc|iPhoneSimulator.ActiveCfg = Release|Any CPU
		{D994CB55-2FA2-4A0C-91F3-31B202EB6946}.Ad-Hoc|Mixed Platforms.ActiveCfg = Release|Any CPU
		{D994CB55-2FA2-4A0C-91F3-31B202EB6946}.Ad-Hoc|Mixed Platforms.Build.0 = Release|Any CPU
		{D994CB55-2FA2-4A0C-91F3-31B202EB6946}.Ad-Hoc|Mixed Platforms.Deploy.0 = Release|Any CPU
		{D994CB55-2FA2-4A0C-91F3-31B202EB6946}.Ad-Hoc|x86.ActiveCfg = Release|Any CPU
		{D994CB55-2FA2-4A0C-91F3-31B202EB6946}.AppStore|Any CPU.ActiveCfg = Release|Any CPU
		{D994CB55-2FA2-4A0C-91F3-31B202EB6946}.AppStore|Any CPU.Build.0 = Release|Any CPU
		{D994CB55-2FA2-4A0C-91F3-31B202EB6946}.AppStore|Any CPU.Deploy.0 = Release|Any CPU
		{D994CB55-2FA2-4A0C-91F3-31B202EB6946}.AppStore|ARM.ActiveCfg = Release|Any CPU
		{D994CB55-2FA2-4A0C-91F3-31B202EB6946}.AppStore|iPhone.ActiveCfg = Release|Any CPU
		{D994CB55-2FA2-4A0C-91F3-31B202EB6946}.AppStore|iPhoneSimulator.ActiveCfg = Release|Any CPU
		{D994CB55-2FA2-4A0C-91F3-31B202EB6946}.AppStore|Mixed Platforms.ActiveCfg = Release|Any CPU
		{D994CB55-2FA2-4A0C-91F3-31B202EB6946}.AppStore|Mixed Platforms.Build.0 = Release|Any CPU
		{D994CB55-2FA2-4A0C-91F3-31B202EB6946}.AppStore|Mixed Platforms.Deploy.0 = Release|Any CPU
		{D994CB55-2FA2-4A0C-91F3-31B202EB6946}.AppStore|x86.ActiveCfg = Release|Any CPU
		{D994CB55-2FA2-4A0C-91F3-31B202EB6946}.Debug|Any CPU.ActiveCfg = Debug|Any CPU
		{D994CB55-2FA2-4A0C-91F3-31B202EB6946}.Debug|Any CPU.Build.0 = Debug|Any CPU
		{D994CB55-2FA2-4A0C-91F3-31B202EB6946}.Debug|Any CPU.Deploy.0 = Debug|Any CPU
		{D994CB55-2FA2-4A0C-91F3-31B202EB6946}.Debug|ARM.ActiveCfg = Debug|Any CPU
		{D994CB55-2FA2-4A0C-91F3-31B202EB6946}.Debug|iPhone.ActiveCfg = Debug|Any CPU
		{D994CB55-2FA2-4A0C-91F3-31B202EB6946}.Debug|iPhoneSimulator.ActiveCfg = Debug|Any CPU
		{D994CB55-2FA2-4A0C-91F3-31B202EB6946}.Debug|Mixed Platforms.ActiveCfg = Debug|Any CPU
		{D994CB55-2FA2-4A0C-91F3-31B202EB6946}.Debug|Mixed Platforms.Build.0 = Debug|Any CPU
		{D994CB55-2FA2-4A0C-91F3-31B202EB6946}.Debug|Mixed Platforms.Deploy.0 = Debug|Any CPU
		{D994CB55-2FA2-4A0C-91F3-31B202EB6946}.Debug|x86.ActiveCfg = Debug|Any CPU
		{D994CB55-2FA2-4A0C-91F3-31B202EB6946}.Release|Any CPU.ActiveCfg = Release|Any CPU
		{D994CB55-2FA2-4A0C-91F3-31B202EB6946}.Release|Any CPU.Build.0 = Release|Any CPU
		{D994CB55-2FA2-4A0C-91F3-31B202EB6946}.Release|Any CPU.Deploy.0 = Release|Any CPU
		{D994CB55-2FA2-4A0C-91F3-31B202EB6946}.Release|ARM.ActiveCfg = Release|Any CPU
		{D994CB55-2FA2-4A0C-91F3-31B202EB6946}.Release|iPhone.ActiveCfg = Release|Any CPU
		{D994CB55-2FA2-4A0C-91F3-31B202EB6946}.Release|iPhoneSimulator.ActiveCfg = Release|Any CPU
		{D994CB55-2FA2-4A0C-91F3-31B202EB6946}.Release|Mixed Platforms.ActiveCfg = Release|Any CPU
		{D994CB55-2FA2-4A0C-91F3-31B202EB6946}.Release|Mixed Platforms.Build.0 = Release|Any CPU
		{D994CB55-2FA2-4A0C-91F3-31B202EB6946}.Release|Mixed Platforms.Deploy.0 = Release|Any CPU
		{D994CB55-2FA2-4A0C-91F3-31B202EB6946}.Release|x86.ActiveCfg = Release|Any CPU
		{FEA9FDC8-43D5-46BE-A438-9793A0A3A9E9}.Ad-Hoc|Any CPU.ActiveCfg = Release|Any CPU
		{FEA9FDC8-43D5-46BE-A438-9793A0A3A9E9}.Ad-Hoc|Any CPU.Build.0 = Release|Any CPU
		{FEA9FDC8-43D5-46BE-A438-9793A0A3A9E9}.Ad-Hoc|Any CPU.Deploy.0 = Release|Any CPU
		{FEA9FDC8-43D5-46BE-A438-9793A0A3A9E9}.Ad-Hoc|ARM.ActiveCfg = Release|ARM
		{FEA9FDC8-43D5-46BE-A438-9793A0A3A9E9}.Ad-Hoc|ARM.Build.0 = Release|ARM
		{FEA9FDC8-43D5-46BE-A438-9793A0A3A9E9}.Ad-Hoc|ARM.Deploy.0 = Release|ARM
		{FEA9FDC8-43D5-46BE-A438-9793A0A3A9E9}.Ad-Hoc|iPhone.ActiveCfg = Release|Any CPU
		{FEA9FDC8-43D5-46BE-A438-9793A0A3A9E9}.Ad-Hoc|iPhoneSimulator.ActiveCfg = Release|Any CPU
		{FEA9FDC8-43D5-46BE-A438-9793A0A3A9E9}.Ad-Hoc|Mixed Platforms.ActiveCfg = Release|x86
		{FEA9FDC8-43D5-46BE-A438-9793A0A3A9E9}.Ad-Hoc|Mixed Platforms.Build.0 = Release|x86
		{FEA9FDC8-43D5-46BE-A438-9793A0A3A9E9}.Ad-Hoc|Mixed Platforms.Deploy.0 = Release|x86
		{FEA9FDC8-43D5-46BE-A438-9793A0A3A9E9}.Ad-Hoc|x86.ActiveCfg = Release|x86
		{FEA9FDC8-43D5-46BE-A438-9793A0A3A9E9}.Ad-Hoc|x86.Build.0 = Release|x86
		{FEA9FDC8-43D5-46BE-A438-9793A0A3A9E9}.Ad-Hoc|x86.Deploy.0 = Release|x86
		{FEA9FDC8-43D5-46BE-A438-9793A0A3A9E9}.AppStore|Any CPU.ActiveCfg = Release|Any CPU
		{FEA9FDC8-43D5-46BE-A438-9793A0A3A9E9}.AppStore|Any CPU.Build.0 = Release|Any CPU
		{FEA9FDC8-43D5-46BE-A438-9793A0A3A9E9}.AppStore|Any CPU.Deploy.0 = Release|Any CPU
		{FEA9FDC8-43D5-46BE-A438-9793A0A3A9E9}.AppStore|ARM.ActiveCfg = Release|ARM
		{FEA9FDC8-43D5-46BE-A438-9793A0A3A9E9}.AppStore|ARM.Build.0 = Release|ARM
		{FEA9FDC8-43D5-46BE-A438-9793A0A3A9E9}.AppStore|ARM.Deploy.0 = Release|ARM
		{FEA9FDC8-43D5-46BE-A438-9793A0A3A9E9}.AppStore|iPhone.ActiveCfg = Release|Any CPU
		{FEA9FDC8-43D5-46BE-A438-9793A0A3A9E9}.AppStore|iPhoneSimulator.ActiveCfg = Release|Any CPU
		{FEA9FDC8-43D5-46BE-A438-9793A0A3A9E9}.AppStore|Mixed Platforms.ActiveCfg = Release|x86
		{FEA9FDC8-43D5-46BE-A438-9793A0A3A9E9}.AppStore|Mixed Platforms.Build.0 = Release|x86
		{FEA9FDC8-43D5-46BE-A438-9793A0A3A9E9}.AppStore|Mixed Platforms.Deploy.0 = Release|x86
		{FEA9FDC8-43D5-46BE-A438-9793A0A3A9E9}.AppStore|x86.ActiveCfg = Release|x86
		{FEA9FDC8-43D5-46BE-A438-9793A0A3A9E9}.AppStore|x86.Build.0 = Release|x86
		{FEA9FDC8-43D5-46BE-A438-9793A0A3A9E9}.AppStore|x86.Deploy.0 = Release|x86
		{FEA9FDC8-43D5-46BE-A438-9793A0A3A9E9}.Debug|Any CPU.ActiveCfg = Debug|Any CPU
		{FEA9FDC8-43D5-46BE-A438-9793A0A3A9E9}.Debug|Any CPU.Build.0 = Debug|Any CPU
		{FEA9FDC8-43D5-46BE-A438-9793A0A3A9E9}.Debug|Any CPU.Deploy.0 = Debug|Any CPU
		{FEA9FDC8-43D5-46BE-A438-9793A0A3A9E9}.Debug|ARM.ActiveCfg = Debug|ARM
		{FEA9FDC8-43D5-46BE-A438-9793A0A3A9E9}.Debug|ARM.Build.0 = Debug|ARM
		{FEA9FDC8-43D5-46BE-A438-9793A0A3A9E9}.Debug|ARM.Deploy.0 = Debug|ARM
		{FEA9FDC8-43D5-46BE-A438-9793A0A3A9E9}.Debug|iPhone.ActiveCfg = Debug|Any CPU
		{FEA9FDC8-43D5-46BE-A438-9793A0A3A9E9}.Debug|iPhoneSimulator.ActiveCfg = Debug|Any CPU
		{FEA9FDC8-43D5-46BE-A438-9793A0A3A9E9}.Debug|Mixed Platforms.ActiveCfg = Debug|x86
		{FEA9FDC8-43D5-46BE-A438-9793A0A3A9E9}.Debug|Mixed Platforms.Build.0 = Debug|x86
		{FEA9FDC8-43D5-46BE-A438-9793A0A3A9E9}.Debug|Mixed Platforms.Deploy.0 = Debug|x86
		{FEA9FDC8-43D5-46BE-A438-9793A0A3A9E9}.Debug|x86.ActiveCfg = Debug|x86
		{FEA9FDC8-43D5-46BE-A438-9793A0A3A9E9}.Debug|x86.Build.0 = Debug|x86
		{FEA9FDC8-43D5-46BE-A438-9793A0A3A9E9}.Debug|x86.Deploy.0 = Debug|x86
		{FEA9FDC8-43D5-46BE-A438-9793A0A3A9E9}.Release|Any CPU.ActiveCfg = Release|Any CPU
		{FEA9FDC8-43D5-46BE-A438-9793A0A3A9E9}.Release|Any CPU.Build.0 = Release|Any CPU
		{FEA9FDC8-43D5-46BE-A438-9793A0A3A9E9}.Release|Any CPU.Deploy.0 = Release|Any CPU
		{FEA9FDC8-43D5-46BE-A438-9793A0A3A9E9}.Release|ARM.ActiveCfg = Release|ARM
		{FEA9FDC8-43D5-46BE-A438-9793A0A3A9E9}.Release|ARM.Build.0 = Release|ARM
		{FEA9FDC8-43D5-46BE-A438-9793A0A3A9E9}.Release|ARM.Deploy.0 = Release|ARM
		{FEA9FDC8-43D5-46BE-A438-9793A0A3A9E9}.Release|iPhone.ActiveCfg = Release|Any CPU
		{FEA9FDC8-43D5-46BE-A438-9793A0A3A9E9}.Release|iPhoneSimulator.ActiveCfg = Release|Any CPU
		{FEA9FDC8-43D5-46BE-A438-9793A0A3A9E9}.Release|Mixed Platforms.ActiveCfg = Release|x86
		{FEA9FDC8-43D5-46BE-A438-9793A0A3A9E9}.Release|Mixed Platforms.Build.0 = Release|x86
		{FEA9FDC8-43D5-46BE-A438-9793A0A3A9E9}.Release|Mixed Platforms.Deploy.0 = Release|x86
		{FEA9FDC8-43D5-46BE-A438-9793A0A3A9E9}.Release|x86.ActiveCfg = Release|x86
		{FEA9FDC8-43D5-46BE-A438-9793A0A3A9E9}.Release|x86.Build.0 = Release|x86
		{FEA9FDC8-43D5-46BE-A438-9793A0A3A9E9}.Release|x86.Deploy.0 = Release|x86
		{1075A9B7-1EE1-416E-B427-D88D13DA4754}.Ad-Hoc|Any CPU.ActiveCfg = Release|Any CPU
		{1075A9B7-1EE1-416E-B427-D88D13DA4754}.Ad-Hoc|Any CPU.Build.0 = Release|Any CPU
		{1075A9B7-1EE1-416E-B427-D88D13DA4754}.Ad-Hoc|ARM.ActiveCfg = Release|Any CPU
		{1075A9B7-1EE1-416E-B427-D88D13DA4754}.Ad-Hoc|iPhone.ActiveCfg = Release|Any CPU
		{1075A9B7-1EE1-416E-B427-D88D13DA4754}.Ad-Hoc|iPhoneSimulator.ActiveCfg = Release|Any CPU
		{1075A9B7-1EE1-416E-B427-D88D13DA4754}.Ad-Hoc|Mixed Platforms.ActiveCfg = Release|Any CPU
		{1075A9B7-1EE1-416E-B427-D88D13DA4754}.Ad-Hoc|Mixed Platforms.Build.0 = Release|Any CPU
		{1075A9B7-1EE1-416E-B427-D88D13DA4754}.Ad-Hoc|x86.ActiveCfg = Release|Any CPU
		{1075A9B7-1EE1-416E-B427-D88D13DA4754}.AppStore|Any CPU.ActiveCfg = Release|Any CPU
		{1075A9B7-1EE1-416E-B427-D88D13DA4754}.AppStore|Any CPU.Build.0 = Release|Any CPU
		{1075A9B7-1EE1-416E-B427-D88D13DA4754}.AppStore|ARM.ActiveCfg = Release|Any CPU
		{1075A9B7-1EE1-416E-B427-D88D13DA4754}.AppStore|iPhone.ActiveCfg = Release|Any CPU
		{1075A9B7-1EE1-416E-B427-D88D13DA4754}.AppStore|iPhoneSimulator.ActiveCfg = Release|Any CPU
		{1075A9B7-1EE1-416E-B427-D88D13DA4754}.AppStore|Mixed Platforms.ActiveCfg = Release|Any CPU
		{1075A9B7-1EE1-416E-B427-D88D13DA4754}.AppStore|Mixed Platforms.Build.0 = Release|Any CPU
		{1075A9B7-1EE1-416E-B427-D88D13DA4754}.AppStore|x86.ActiveCfg = Release|Any CPU
		{1075A9B7-1EE1-416E-B427-D88D13DA4754}.Debug|Any CPU.ActiveCfg = Debug|Any CPU
		{1075A9B7-1EE1-416E-B427-D88D13DA4754}.Debug|Any CPU.Build.0 = Debug|Any CPU
		{1075A9B7-1EE1-416E-B427-D88D13DA4754}.Debug|ARM.ActiveCfg = Debug|Any CPU
		{1075A9B7-1EE1-416E-B427-D88D13DA4754}.Debug|iPhone.ActiveCfg = Debug|Any CPU
		{1075A9B7-1EE1-416E-B427-D88D13DA4754}.Debug|iPhoneSimulator.ActiveCfg = Debug|Any CPU
		{1075A9B7-1EE1-416E-B427-D88D13DA4754}.Debug|Mixed Platforms.ActiveCfg = Debug|Any CPU
		{1075A9B7-1EE1-416E-B427-D88D13DA4754}.Debug|Mixed Platforms.Build.0 = Debug|Any CPU
		{1075A9B7-1EE1-416E-B427-D88D13DA4754}.Debug|x86.ActiveCfg = Debug|Any CPU
		{1075A9B7-1EE1-416E-B427-D88D13DA4754}.Release|Any CPU.ActiveCfg = Release|Any CPU
		{1075A9B7-1EE1-416E-B427-D88D13DA4754}.Release|Any CPU.Build.0 = Release|Any CPU
		{1075A9B7-1EE1-416E-B427-D88D13DA4754}.Release|ARM.ActiveCfg = Release|Any CPU
		{1075A9B7-1EE1-416E-B427-D88D13DA4754}.Release|iPhone.ActiveCfg = Release|Any CPU
		{1075A9B7-1EE1-416E-B427-D88D13DA4754}.Release|iPhoneSimulator.ActiveCfg = Release|Any CPU
		{1075A9B7-1EE1-416E-B427-D88D13DA4754}.Release|Mixed Platforms.ActiveCfg = Release|Any CPU
		{1075A9B7-1EE1-416E-B427-D88D13DA4754}.Release|Mixed Platforms.Build.0 = Release|Any CPU
		{1075A9B7-1EE1-416E-B427-D88D13DA4754}.Release|x86.ActiveCfg = Release|Any CPU
		{467E517A-9819-4F46-8DDA-D15C2A7F819D}.Ad-Hoc|Any CPU.ActiveCfg = Ad-Hoc|iPhone
		{467E517A-9819-4F46-8DDA-D15C2A7F819D}.Ad-Hoc|ARM.ActiveCfg = Ad-Hoc|iPhone
		{467E517A-9819-4F46-8DDA-D15C2A7F819D}.Ad-Hoc|iPhone.ActiveCfg = Ad-Hoc|iPhone
		{467E517A-9819-4F46-8DDA-D15C2A7F819D}.Ad-Hoc|iPhone.Build.0 = Ad-Hoc|iPhone
		{467E517A-9819-4F46-8DDA-D15C2A7F819D}.Ad-Hoc|iPhoneSimulator.ActiveCfg = Ad-Hoc|iPhoneSimulator
		{467E517A-9819-4F46-8DDA-D15C2A7F819D}.Ad-Hoc|iPhoneSimulator.Build.0 = Ad-Hoc|iPhoneSimulator
		{467E517A-9819-4F46-8DDA-D15C2A7F819D}.Ad-Hoc|Mixed Platforms.ActiveCfg = Ad-Hoc|iPhone
		{467E517A-9819-4F46-8DDA-D15C2A7F819D}.Ad-Hoc|Mixed Platforms.Build.0 = Ad-Hoc|iPhone
		{467E517A-9819-4F46-8DDA-D15C2A7F819D}.Ad-Hoc|x86.ActiveCfg = Ad-Hoc|iPhone
		{467E517A-9819-4F46-8DDA-D15C2A7F819D}.AppStore|Any CPU.ActiveCfg = AppStore|iPhone
		{467E517A-9819-4F46-8DDA-D15C2A7F819D}.AppStore|ARM.ActiveCfg = AppStore|iPhone
		{467E517A-9819-4F46-8DDA-D15C2A7F819D}.AppStore|iPhone.ActiveCfg = AppStore|iPhone
		{467E517A-9819-4F46-8DDA-D15C2A7F819D}.AppStore|iPhone.Build.0 = AppStore|iPhone
		{467E517A-9819-4F46-8DDA-D15C2A7F819D}.AppStore|iPhoneSimulator.ActiveCfg = AppStore|iPhoneSimulator
		{467E517A-9819-4F46-8DDA-D15C2A7F819D}.AppStore|iPhoneSimulator.Build.0 = AppStore|iPhoneSimulator
		{467E517A-9819-4F46-8DDA-D15C2A7F819D}.AppStore|Mixed Platforms.ActiveCfg = AppStore|iPhone
		{467E517A-9819-4F46-8DDA-D15C2A7F819D}.AppStore|Mixed Platforms.Build.0 = AppStore|iPhone
		{467E517A-9819-4F46-8DDA-D15C2A7F819D}.AppStore|x86.ActiveCfg = AppStore|iPhone
		{467E517A-9819-4F46-8DDA-D15C2A7F819D}.Debug|Any CPU.ActiveCfg = Debug|iPhone
		{467E517A-9819-4F46-8DDA-D15C2A7F819D}.Debug|ARM.ActiveCfg = Debug|iPhone
		{467E517A-9819-4F46-8DDA-D15C2A7F819D}.Debug|iPhone.ActiveCfg = Debug|iPhone
		{467E517A-9819-4F46-8DDA-D15C2A7F819D}.Debug|iPhone.Build.0 = Debug|iPhone
		{467E517A-9819-4F46-8DDA-D15C2A7F819D}.Debug|iPhoneSimulator.ActiveCfg = Debug|iPhoneSimulator
		{467E517A-9819-4F46-8DDA-D15C2A7F819D}.Debug|iPhoneSimulator.Build.0 = Debug|iPhoneSimulator
		{467E517A-9819-4F46-8DDA-D15C2A7F819D}.Debug|Mixed Platforms.ActiveCfg = Debug|iPhone
		{467E517A-9819-4F46-8DDA-D15C2A7F819D}.Debug|Mixed Platforms.Build.0 = Debug|iPhone
		{467E517A-9819-4F46-8DDA-D15C2A7F819D}.Debug|x86.ActiveCfg = Debug|iPhone
		{467E517A-9819-4F46-8DDA-D15C2A7F819D}.Release|Any CPU.ActiveCfg = Release|iPhone
		{467E517A-9819-4F46-8DDA-D15C2A7F819D}.Release|ARM.ActiveCfg = Release|iPhone
		{467E517A-9819-4F46-8DDA-D15C2A7F819D}.Release|iPhone.ActiveCfg = Release|iPhone
		{467E517A-9819-4F46-8DDA-D15C2A7F819D}.Release|iPhone.Build.0 = Release|iPhone
		{467E517A-9819-4F46-8DDA-D15C2A7F819D}.Release|iPhoneSimulator.ActiveCfg = Release|iPhoneSimulator
		{467E517A-9819-4F46-8DDA-D15C2A7F819D}.Release|iPhoneSimulator.Build.0 = Release|iPhoneSimulator
		{467E517A-9819-4F46-8DDA-D15C2A7F819D}.Release|Mixed Platforms.ActiveCfg = Release|iPhone
		{467E517A-9819-4F46-8DDA-D15C2A7F819D}.Release|Mixed Platforms.Build.0 = Release|iPhone
		{467E517A-9819-4F46-8DDA-D15C2A7F819D}.Release|x86.ActiveCfg = Release|iPhone
		{76DF59C6-E61C-4A61-9A76-B9326B76CC9D}.Ad-Hoc|Any CPU.ActiveCfg = Release|Any CPU
		{76DF59C6-E61C-4A61-9A76-B9326B76CC9D}.Ad-Hoc|Any CPU.Build.0 = Release|Any CPU
		{76DF59C6-E61C-4A61-9A76-B9326B76CC9D}.Ad-Hoc|Any CPU.Deploy.0 = Release|Any CPU
		{76DF59C6-E61C-4A61-9A76-B9326B76CC9D}.Ad-Hoc|ARM.ActiveCfg = Release|Any CPU
		{76DF59C6-E61C-4A61-9A76-B9326B76CC9D}.Ad-Hoc|iPhone.ActiveCfg = Release|Any CPU
		{76DF59C6-E61C-4A61-9A76-B9326B76CC9D}.Ad-Hoc|iPhoneSimulator.ActiveCfg = Release|Any CPU
		{76DF59C6-E61C-4A61-9A76-B9326B76CC9D}.Ad-Hoc|Mixed Platforms.ActiveCfg = Release|Any CPU
		{76DF59C6-E61C-4A61-9A76-B9326B76CC9D}.Ad-Hoc|Mixed Platforms.Build.0 = Release|Any CPU
		{76DF59C6-E61C-4A61-9A76-B9326B76CC9D}.Ad-Hoc|Mixed Platforms.Deploy.0 = Release|Any CPU
		{76DF59C6-E61C-4A61-9A76-B9326B76CC9D}.Ad-Hoc|x86.ActiveCfg = Release|Any CPU
		{76DF59C6-E61C-4A61-9A76-B9326B76CC9D}.AppStore|Any CPU.ActiveCfg = Release|Any CPU
		{76DF59C6-E61C-4A61-9A76-B9326B76CC9D}.AppStore|Any CPU.Build.0 = Release|Any CPU
		{76DF59C6-E61C-4A61-9A76-B9326B76CC9D}.AppStore|Any CPU.Deploy.0 = Release|Any CPU
		{76DF59C6-E61C-4A61-9A76-B9326B76CC9D}.AppStore|ARM.ActiveCfg = Release|Any CPU
		{76DF59C6-E61C-4A61-9A76-B9326B76CC9D}.AppStore|iPhone.ActiveCfg = Release|Any CPU
		{76DF59C6-E61C-4A61-9A76-B9326B76CC9D}.AppStore|iPhoneSimulator.ActiveCfg = Release|Any CPU
		{76DF59C6-E61C-4A61-9A76-B9326B76CC9D}.AppStore|Mixed Platforms.ActiveCfg = Release|Any CPU
		{76DF59C6-E61C-4A61-9A76-B9326B76CC9D}.AppStore|Mixed Platforms.Build.0 = Release|Any CPU
		{76DF59C6-E61C-4A61-9A76-B9326B76CC9D}.AppStore|Mixed Platforms.Deploy.0 = Release|Any CPU
		{76DF59C6-E61C-4A61-9A76-B9326B76CC9D}.AppStore|x86.ActiveCfg = Release|Any CPU
		{76DF59C6-E61C-4A61-9A76-B9326B76CC9D}.Debug|Any CPU.ActiveCfg = Debug|Any CPU
		{76DF59C6-E61C-4A61-9A76-B9326B76CC9D}.Debug|Any CPU.Build.0 = Debug|Any CPU
		{76DF59C6-E61C-4A61-9A76-B9326B76CC9D}.Debug|Any CPU.Deploy.0 = Debug|Any CPU
		{76DF59C6-E61C-4A61-9A76-B9326B76CC9D}.Debug|ARM.ActiveCfg = Debug|Any CPU
		{76DF59C6-E61C-4A61-9A76-B9326B76CC9D}.Debug|iPhone.ActiveCfg = Debug|Any CPU
		{76DF59C6-E61C-4A61-9A76-B9326B76CC9D}.Debug|iPhoneSimulator.ActiveCfg = Debug|Any CPU
		{76DF59C6-E61C-4A61-9A76-B9326B76CC9D}.Debug|Mixed Platforms.ActiveCfg = Debug|Any CPU
		{76DF59C6-E61C-4A61-9A76-B9326B76CC9D}.Debug|Mixed Platforms.Build.0 = Debug|Any CPU
		{76DF59C6-E61C-4A61-9A76-B9326B76CC9D}.Debug|Mixed Platforms.Deploy.0 = Debug|Any CPU
		{76DF59C6-E61C-4A61-9A76-B9326B76CC9D}.Debug|x86.ActiveCfg = Debug|Any CPU
		{76DF59C6-E61C-4A61-9A76-B9326B76CC9D}.Release|Any CPU.ActiveCfg = Release|Any CPU
		{76DF59C6-E61C-4A61-9A76-B9326B76CC9D}.Release|Any CPU.Build.0 = Release|Any CPU
		{76DF59C6-E61C-4A61-9A76-B9326B76CC9D}.Release|Any CPU.Deploy.0 = Release|Any CPU
		{76DF59C6-E61C-4A61-9A76-B9326B76CC9D}.Release|ARM.ActiveCfg = Release|Any CPU
		{76DF59C6-E61C-4A61-9A76-B9326B76CC9D}.Release|iPhone.ActiveCfg = Release|Any CPU
		{76DF59C6-E61C-4A61-9A76-B9326B76CC9D}.Release|iPhoneSimulator.ActiveCfg = Release|Any CPU
		{76DF59C6-E61C-4A61-9A76-B9326B76CC9D}.Release|Mixed Platforms.ActiveCfg = Release|Any CPU
		{76DF59C6-E61C-4A61-9A76-B9326B76CC9D}.Release|Mixed Platforms.Build.0 = Release|Any CPU
		{76DF59C6-E61C-4A61-9A76-B9326B76CC9D}.Release|Mixed Platforms.Deploy.0 = Release|Any CPU
		{76DF59C6-E61C-4A61-9A76-B9326B76CC9D}.Release|x86.ActiveCfg = Release|Any CPU
		{6C4A4003-082D-4D1F-8B23-D4A9EE214760}.Ad-Hoc|Any CPU.ActiveCfg = Release|Any CPU
		{6C4A4003-082D-4D1F-8B23-D4A9EE214760}.Ad-Hoc|Any CPU.Build.0 = Release|Any CPU
		{6C4A4003-082D-4D1F-8B23-D4A9EE214760}.Ad-Hoc|Any CPU.Deploy.0 = Release|Any CPU
		{6C4A4003-082D-4D1F-8B23-D4A9EE214760}.Ad-Hoc|ARM.ActiveCfg = Release|ARM
		{6C4A4003-082D-4D1F-8B23-D4A9EE214760}.Ad-Hoc|ARM.Build.0 = Release|ARM
		{6C4A4003-082D-4D1F-8B23-D4A9EE214760}.Ad-Hoc|ARM.Deploy.0 = Release|ARM
		{6C4A4003-082D-4D1F-8B23-D4A9EE214760}.Ad-Hoc|iPhone.ActiveCfg = Release|Any CPU
		{6C4A4003-082D-4D1F-8B23-D4A9EE214760}.Ad-Hoc|iPhoneSimulator.ActiveCfg = Release|Any CPU
		{6C4A4003-082D-4D1F-8B23-D4A9EE214760}.Ad-Hoc|Mixed Platforms.ActiveCfg = Release|x86
		{6C4A4003-082D-4D1F-8B23-D4A9EE214760}.Ad-Hoc|Mixed Platforms.Build.0 = Release|x86
		{6C4A4003-082D-4D1F-8B23-D4A9EE214760}.Ad-Hoc|Mixed Platforms.Deploy.0 = Release|x86
		{6C4A4003-082D-4D1F-8B23-D4A9EE214760}.Ad-Hoc|x86.ActiveCfg = Release|x86
		{6C4A4003-082D-4D1F-8B23-D4A9EE214760}.Ad-Hoc|x86.Build.0 = Release|x86
		{6C4A4003-082D-4D1F-8B23-D4A9EE214760}.Ad-Hoc|x86.Deploy.0 = Release|x86
		{6C4A4003-082D-4D1F-8B23-D4A9EE214760}.AppStore|Any CPU.ActiveCfg = Release|Any CPU
		{6C4A4003-082D-4D1F-8B23-D4A9EE214760}.AppStore|Any CPU.Build.0 = Release|Any CPU
		{6C4A4003-082D-4D1F-8B23-D4A9EE214760}.AppStore|Any CPU.Deploy.0 = Release|Any CPU
		{6C4A4003-082D-4D1F-8B23-D4A9EE214760}.AppStore|ARM.ActiveCfg = Release|ARM
		{6C4A4003-082D-4D1F-8B23-D4A9EE214760}.AppStore|ARM.Build.0 = Release|ARM
		{6C4A4003-082D-4D1F-8B23-D4A9EE214760}.AppStore|ARM.Deploy.0 = Release|ARM
		{6C4A4003-082D-4D1F-8B23-D4A9EE214760}.AppStore|iPhone.ActiveCfg = Release|Any CPU
		{6C4A4003-082D-4D1F-8B23-D4A9EE214760}.AppStore|iPhoneSimulator.ActiveCfg = Release|Any CPU
		{6C4A4003-082D-4D1F-8B23-D4A9EE214760}.AppStore|Mixed Platforms.ActiveCfg = Release|x86
		{6C4A4003-082D-4D1F-8B23-D4A9EE214760}.AppStore|Mixed Platforms.Build.0 = Release|x86
		{6C4A4003-082D-4D1F-8B23-D4A9EE214760}.AppStore|Mixed Platforms.Deploy.0 = Release|x86
		{6C4A4003-082D-4D1F-8B23-D4A9EE214760}.AppStore|x86.ActiveCfg = Release|x86
		{6C4A4003-082D-4D1F-8B23-D4A9EE214760}.AppStore|x86.Build.0 = Release|x86
		{6C4A4003-082D-4D1F-8B23-D4A9EE214760}.AppStore|x86.Deploy.0 = Release|x86
		{6C4A4003-082D-4D1F-8B23-D4A9EE214760}.Debug|Any CPU.ActiveCfg = Debug|Any CPU
		{6C4A4003-082D-4D1F-8B23-D4A9EE214760}.Debug|Any CPU.Build.0 = Debug|Any CPU
		{6C4A4003-082D-4D1F-8B23-D4A9EE214760}.Debug|Any CPU.Deploy.0 = Debug|Any CPU
		{6C4A4003-082D-4D1F-8B23-D4A9EE214760}.Debug|ARM.ActiveCfg = Debug|ARM
		{6C4A4003-082D-4D1F-8B23-D4A9EE214760}.Debug|ARM.Build.0 = Debug|ARM
		{6C4A4003-082D-4D1F-8B23-D4A9EE214760}.Debug|ARM.Deploy.0 = Debug|ARM
		{6C4A4003-082D-4D1F-8B23-D4A9EE214760}.Debug|iPhone.ActiveCfg = Debug|Any CPU
		{6C4A4003-082D-4D1F-8B23-D4A9EE214760}.Debug|iPhoneSimulator.ActiveCfg = Debug|Any CPU
		{6C4A4003-082D-4D1F-8B23-D4A9EE214760}.Debug|Mixed Platforms.ActiveCfg = Debug|x86
		{6C4A4003-082D-4D1F-8B23-D4A9EE214760}.Debug|Mixed Platforms.Build.0 = Debug|x86
		{6C4A4003-082D-4D1F-8B23-D4A9EE214760}.Debug|Mixed Platforms.Deploy.0 = Debug|x86
		{6C4A4003-082D-4D1F-8B23-D4A9EE214760}.Debug|x86.ActiveCfg = Debug|x86
		{6C4A4003-082D-4D1F-8B23-D4A9EE214760}.Debug|x86.Build.0 = Debug|x86
		{6C4A4003-082D-4D1F-8B23-D4A9EE214760}.Debug|x86.Deploy.0 = Debug|x86
		{6C4A4003-082D-4D1F-8B23-D4A9EE214760}.Release|Any CPU.ActiveCfg = Release|Any CPU
		{6C4A4003-082D-4D1F-8B23-D4A9EE214760}.Release|Any CPU.Build.0 = Release|Any CPU
		{6C4A4003-082D-4D1F-8B23-D4A9EE214760}.Release|Any CPU.Deploy.0 = Release|Any CPU
		{6C4A4003-082D-4D1F-8B23-D4A9EE214760}.Release|ARM.ActiveCfg = Release|ARM
		{6C4A4003-082D-4D1F-8B23-D4A9EE214760}.Release|ARM.Build.0 = Release|ARM
		{6C4A4003-082D-4D1F-8B23-D4A9EE214760}.Release|ARM.Deploy.0 = Release|ARM
		{6C4A4003-082D-4D1F-8B23-D4A9EE214760}.Release|iPhone.ActiveCfg = Release|Any CPU
		{6C4A4003-082D-4D1F-8B23-D4A9EE214760}.Release|iPhoneSimulator.ActiveCfg = Release|Any CPU
		{6C4A4003-082D-4D1F-8B23-D4A9EE214760}.Release|Mixed Platforms.ActiveCfg = Release|x86
		{6C4A4003-082D-4D1F-8B23-D4A9EE214760}.Release|Mixed Platforms.Build.0 = Release|x86
		{6C4A4003-082D-4D1F-8B23-D4A9EE214760}.Release|Mixed Platforms.Deploy.0 = Release|x86
		{6C4A4003-082D-4D1F-8B23-D4A9EE214760}.Release|x86.ActiveCfg = Release|x86
		{6C4A4003-082D-4D1F-8B23-D4A9EE214760}.Release|x86.Build.0 = Release|x86
		{6C4A4003-082D-4D1F-8B23-D4A9EE214760}.Release|x86.Deploy.0 = Release|x86
	EndGlobalSection
	GlobalSection(SolutionProperties) = preSolution
		HideSolutionNode = FALSE
	EndGlobalSection
	GlobalSection(NestedProjects) = preSolution
		{A44E190C-CA14-4F71-9D3F-2C1AFB9BF661} = {F6F623BC-F7A4-43F7-B658-1DFD6B774EF2}
		{76F88948-6085-4DE5-8680-9F95DA04E57D} = {F6F623BC-F7A4-43F7-B658-1DFD6B774EF2}
		{E959D3BD-5287-42C4-9EB4-85A6D4F28607} = {F6F623BC-F7A4-43F7-B658-1DFD6B774EF2}
		{B7C4E00C-AB41-4499-86B5-5E28B2656EB2} = {F6F623BC-F7A4-43F7-B658-1DFD6B774EF2}
		{70483F1A-516D-47BB-8177-B4C4BED3F076} = {F6F623BC-F7A4-43F7-B658-1DFD6B774EF2}
		{A36E7CC8-0C28-480B-8499-110A7A9457D2} = {F6F623BC-F7A4-43F7-B658-1DFD6B774EF2}
		{D994CB55-2FA2-4A0C-91F3-31B202EB6946} = {F6F623BC-F7A4-43F7-B658-1DFD6B774EF2}
		{FEA9FDC8-43D5-46BE-A438-9793A0A3A9E9} = {F6F623BC-F7A4-43F7-B658-1DFD6B774EF2}
		{1075A9B7-1EE1-416E-B427-D88D13DA4754} = {F6F623BC-F7A4-43F7-B658-1DFD6B774EF2}
		{467E517A-9819-4F46-8DDA-D15C2A7F819D} = {F6F623BC-F7A4-43F7-B658-1DFD6B774EF2}
		{76DF59C6-E61C-4A61-9A76-B9326B76CC9D} = {F6F623BC-F7A4-43F7-B658-1DFD6B774EF2}
		{6C4A4003-082D-4D1F-8B23-D4A9EE214760} = {F6F623BC-F7A4-43F7-B658-1DFD6B774EF2}
	EndGlobalSection
	GlobalSection(MonoDevelopProperties) = preSolution
		StartupItem = Xamarin.Froms.Pages.PCL\Xamarin.Froms.Pages.PCL.csproj
	EndGlobalSection
EndGlobal
